# This file is autogenerated, do not edit; changes may be undone by the next 'dep ensure'.


[[projects]]
  branch = "master"
  name = "github.com/veandco/go-sdl2"
  packages = ["sdl"]
  revision = "d781c3f473d206c13e3409f621e90a3b72a939e3"

[solve-meta]
  analyzer-name = "dep"
  analyzer-version = 1
  inputs-digest = "d412b63d2d414fa464dfab739d8d0b1bde9558875424211e6ad0162196dd27bc"
  solver-name = "gps-cdcl"
  solver-version = 1
